
Microsoft Visual Studio Solution File, Format Version 12.00
# Visual Studio Version 17
VisualStudioVersion = 17.8.34525.116
MinimumVisualStudioVersion = 10.0.40219.1
Project("{FAE04EC0-301F-11D3-BF4B-00C04F79EFBC}") = "ConsoleIntTest", "ConsoleIntTest\ConsoleIntTest.csproj", "{00764342-D3E7-4C01-80C5-76FD9F1821EE}"
	ProjectSection(ProjectDependencies) = postProject
		{DD3B6AFD-E9C1-439C-812A-C1E0F7FBDAFB} = {DD3B6AFD-E9C1-439C-812A-C1E0F7FBDAFB}
	EndProjectSection
EndProject
Project("{8BC9CEB8-8B4A-11D0-8D11-00A0C91BC942}") = "CppDll2", "..\CppDll2\CppDll2\CppDll2.vcxproj", "{DD3B6AFD-E9C1-439C-812A-C1E0F7FBDAFB}"
EndProject
Global
	GlobalSection(SolutionConfigurationPlatforms) = preSolution
		Debug|Any CPU = Debug|Any CPU
		Debug|x64 = Debug|x64
		Debug|x86 = Debug|x86
		Release|Any CPU = Release|Any CPU
		Release|x64 = Release|x64
		Release|x86 = Release|x86
	EndGlobalSection
	GlobalSection(ProjectConfigurationPlatforms) = postSolution
		{00764342-D3E7-4C01-80C5-76FD9F1821EE}.Debug|Any CPU.ActiveCfg = Debug|Any CPU
		{00764342-D3E7-4C01-80C5-76FD9F1821EE}.Debug|Any CPU.Build.0 = Debug|Any CPU
		{00764342-D3E7-4C01-80C5-76FD9F1821EE}.Debug|x64.ActiveCfg = Debug|Any CPU
		{00764342-D3E7-4C01-80C5-76FD9F1821EE}.Debug|x64.Build.0 = Debug|Any CPU
		{00764342-D3E7-4C01-80C5-76FD9F1821EE}.Debug|x86.ActiveCfg = Debug|Any CPU
		{00764342-D3E7-4C01-80C5-76FD9F1821EE}.Debug|x86.Build.0 = Debug|Any CPU
		{00764342-D3E7-4C01-80C5-76FD9F1821EE}.Release|Any CPU.ActiveCfg = Release|Any CPU
		{00764342-D3E7-4C01-80C5-76FD9F1821EE}.Release|Any CPU.Build.0 = Release|Any CPU
		{00764342-D3E7-4C01-80C5-76FD9F1821EE}.Release|x64.ActiveCfg = Release|Any CPU
		{00764342-D3E7-4C01-80C5-76FD9F1821EE}.Release|x64.Build.0 = Release|Any CPU
		{00764342-D3E7-4C01-80C5-76FD9F1821EE}.Release|x86.ActiveCfg = Release|Any CPU
		{00764342-D3E7-4C01-80C5-76FD9F1821EE}.Release|x86.Build.0 = Release|Any CPU
		{DD3B6AFD-E9C1-439C-812A-C1E0F7FBDAFB}.Debug|Any CPU.ActiveCfg = Debug|x64
		{DD3B6AFD-E9C1-439C-812A-C1E0F7FBDAFB}.Debug|Any CPU.Build.0 = Debug|x64
		{DD3B6AFD-E9C1-439C-812A-C1E0F7FBDAFB}.Debug|x64.ActiveCfg = Debug|x64
		{DD3B6AFD-E9C1-439C-812A-C1E0F7FBDAFB}.Debug|x64.Build.0 = Debug|x64
		{DD3B6AFD-E9C1-439C-812A-C1E0F7FBDAFB}.Debug|x86.ActiveCfg = Debug|Win32
		{DD3B6AFD-E9C1-439C-812A-C1E0F7FBDAFB}.Debug|x86.Build.0 = Debug|Win32
		{DD3B6AFD-E9C1-439C-812A-C1E0F7FBDAFB}.Release|Any CPU.ActiveCfg = Release|x64
		{DD3B6AFD-E9C1-439C-812A-C1E0F7FBDAFB}.Release|Any CPU.Build.0 = Release|x64
		{DD3B6AFD-E9C1-439C-812A-C1E0F7FBDAFB}.Release|x64.ActiveCfg = Release|x64
		{DD3B6AFD-E9C1-439C-812A-C1E0F7FBDAFB}.Release|x64.Build.0 = Release|x64
		{DD3B6AFD-E9C1-439C-812A-C1E0F7FBDAFB}.Release|x86.ActiveCfg = Release|Win32
		{DD3B6AFD-E9C1-439C-812A-C1E0F7FBDAFB}.Release|x86.Build.0 = Release|Win32
	EndGlobalSection
	GlobalSection(SolutionProperties) = preSolution
		HideSolutionNode = FALSE
	EndGlobalSection
	GlobalSection(ExtensibilityGlobals) = postSolution
		SolutionGuid = {186DB071-0B55-4FBC-9F07-EEBF82276C76}
	EndGlobalSection
EndGlobal
